{
  "nodes": {
    "flake-parts": {
      "inputs": {
        "nixpkgs-lib": "nixpkgs-lib"
      },
      "locked": {
        "lastModified": 1769996383,
        "narHash": "sha256-AnYjnFWgS49RlqX7LrC4uA+sCCDBj0Ry/WOJ5XWAsa0=",
        "owner": "hercules-ci",
        "repo": "flake-parts",
        "rev": "57928607ea566b5db3ad13af0e57e921e6b12381",
        "type": "github"
      },
      "original": {
        "owner": "hercules-ci",
        "repo": "flake-parts",
        "type": "github"
      }
    },
    "flake-parts_2": {
      "inputs": {
        "nixpkgs-lib": "nixpkgs-lib_2"
      },
      "locked": {
        "lastModified": 1778716662,
        "narHash": "sha256-m1Yf0wZ8j1OHjTc2UwHwyQRSnNeSgLJOd7q5Y45hzi4=",
        "owner": "hercules-ci",
        "repo": "flake-parts",
        "rev": "f7c1a2d347e4c52d5fb8d10cb4d94b5884e546fb",
        "type": "github"
      },
      "original": {
        "owner": "hercules-ci",
        "repo": "flake-parts",
        "type": "github"
      }
    },
    "home-manager": {
      "inputs": {
        "nixpkgs": [
          "nixpkgs"
        ]
      },
      "locked": {
        "lastModified": 1782704057,
        "narHash": "sha256-G1I1gd32F7mp9LAe1DaZ4ZL7NX5gyiKwdCMwro1Vrck=",
        "owner": "nix-community",
        "repo": "home-manager",
        "rev": "868d0a692de703c2de98fab61968e4e310b7c28e",
        "type": "github"
      },
      "original": {
        "owner": "nix-community",
        "ref": "release-26.05",
        "repo": "home-manager",
        "type": "github"
      }
    },
    "home-manager_2": {
      "inputs": {
        "nixpkgs": [
          "private-modules",
          "nixpkgs"
        ]
      },
      "locked": {
        "lastModified": 1778905220,
        "narHash": "sha256-ox/5IHc8uwy6UTw6N7Shp6uCHIgu/S2PsWeuXsOHSo8=",
        "owner": "nix-community",
        "repo": "home-manager",
        "rev": "d1686dc7d36cbd1234cb226ad6ef97e882716acb",
        "type": "github"
      },
      "original": {
        "owner": "nix-community",
        "ref": "release-25.11",
        "repo": "home-manager",
        "type": "github"
      }
    },
    "import-tree": {
      "locked": {
        "lastModified": 1763762820,
        "narHash": "sha256-ZvYKbFib3AEwiNMLsejb/CWs/OL/srFQ8AogkebEPF0=",
        "owner": "vic",
        "repo": "import-tree",
        "rev": "3c23749d8013ec6daa1d7255057590e9ca726646",
        "type": "github"
      },
      "original": {
        "owner": "vic",
        "repo": "import-tree",
        "type": "github"
      }
    },
    "import-tree_2": {
      "locked": {
        "lastModified": 1778781969,
        "narHash": "sha256-Jjuz5CmSkur8KvLDoGa+vylEp+RkQtv4mt/qcMznpH0=",
        "owner": "vic",
        "repo": "import-tree",
        "rev": "d321337efd0f23a9eb14a42adb7b2c29313ab274",
        "type": "github"
      },
      "original": {
        "owner": "vic",
        "repo": "import-tree",
        "type": "github"
      }
    },
    "nixpkgs": {
      "locked": {
        "lastModified": 1782847225,
        "narHash": "sha256-JC9PjqKYG9ve5U8aDOLQipp3+KLANBHUvGdLZlxzdKI=",
        "owner": "NixOs",
        "repo": "nixpkgs",
        "rev": "95ca1e203c0750115fd4a6f17d5a245dfe6b1edd",
        "type": "github"
      },
      "original": {
        "owner": "NixOs",
        "ref": "nixos-26.05",
        "repo": "nixpkgs",
        "type": "github"
      }
    },
    "nixpkgs-lib": {
      "locked": {
        "lastModified": 1769909678,
        "narHash": "sha256-cBEymOf4/o3FD5AZnzC3J9hLbiZ+QDT/KDuyHXVJOpM=",
        "owner": "nix-community",
        "repo": "nixpkgs.lib",
        "rev": "72716169fe93074c333e8d0173151350670b824c",
        "type": "github"
      },
      "original": {
        "owner": "nix-community",
        "repo": "nixpkgs.lib",
        "type": "github"
      }
    },
    "nixpkgs-lib_2": {
      "locked": {
        "lastModified": 1777168982,
        "narHash": "sha256-GOkGPcboWE9BmGCRMLX3worL4EMnsnG8MyKmXNeYuhQ=",
        "owner": "nix-community",
        "repo": "nixpkgs.lib",
        "rev": "f5901329dade4a6ea039af1433fb087bd9c1fe14",
        "type": "github"
      },
      "original": {
        "owner": "nix-community",
        "repo": "nixpkgs.lib",
        "type": "github"
      }
    },
    "nixpkgs-unstable": {
      "locked": {
        "lastModified": 1771008912,
        "narHash": "sha256-gf2AmWVTs8lEq7z/3ZAsgnZDhWIckkb+ZnAo5RzSxJg=",
        "owner": "NixOs",
        "repo": "nixpkgs",
        "rev": "a82ccc39b39b621151d6732718e3e250109076fa",
        "type": "github"
      },
      "original": {
        "owner": "NixOs",
        "ref": "nixos-unstable",
        "repo": "nixpkgs",
        "type": "github"
      }
    },
    "private-modules": {
      "inputs": {
        "flake-parts": "flake-parts_2",
        "home-manager": "home-manager_2",
        "import-tree": "import-tree_2",
        "nixpkgs": [
          "nixpkgs"
        ]
      },
      "locked": {
        "lastModified": 1778921330,
        "narHash": "sha256-cWfYZ+iWSqHJ8XyUU5Cp0+oyim0hnevBlMfWUHpEkQo=",
        "ref": "main",
        "rev": "4f6b13c4d3c315c8b5320961b2cfaa26ab242cfb",
        "revCount": 36,
        "type": "git",
        "url": "ssh://git@github.com/speeif/nixdots-private.git"
      },
      "original": {
        "ref": "main",
        "type": "git",
        "url": "ssh://git@github.com/speeif/nixdots-private.git"
      }
    },
    "root": {
      "inputs": {
        "flake-parts": "flake-parts",
        "home-manager": "home-manager",
        "import-tree": "import-tree",
        "nixpkgs": "nixpkgs",
        "nixpkgs-unstable": "nixpkgs-unstable",
        "private-modules": "private-modules",
        "wrapperModules": "wrapperModules",
        "wrappers": "wrappers"
      }
    },
    "wrapperModules": {
      "inputs": {
        "nixpkgs": [
          "nixpkgs"
        ]
      },
      "locked": {
        "lastModified": 1775274121,
        "narHash": "sha256-cuZPzxukS5ywr7W2QXhkaXamDUHGwea9Rho5I/4zvBM=",
        "owner": "BirdeeHub",
        "repo": "nix-wrapper-modules",
        "rev": "708dd619b5096f93c55ccef25af9cae5e57d4190",
        "type": "github"
      },
      "original": {
        "owner": "BirdeeHub",
        "repo": "nix-wrapper-modules",
        "type": "github"
      }
    },
    "wrappers": {
      "inputs": {
        "nixpkgs": [
          "nixpkgs"
        ]
      },
      "locked": {
        "lastModified": 1782375095,
        "narHash": "sha256-bRepNpAluz2i0IIk7Tmzw/4BkyOrwABvc66NEgXPEhA=",
        "owner": "Lassulus",
        "repo": "wrappers",
        "rev": "cd780e92c0fa66c2e721e1d91894f3db13b9f2b4",
        "type": "github"
      },
      "original": {
        "owner": "Lassulus",
        "repo": "wrappers",
        "type": "github"
      }
    }
  },
  "root": "root",
  "version": 7
}
